
Microsoft Visual Studio Solution File, Format Version 12.00
# Visual Studio Version 17
VisualStudioVersion = 17.9.34723.18
MinimumVisualStudioVersion = 10.0.40219.1
Project("{FAE04EC0-301F-11D3-BF4B-00C04F79EFBC}") = "Aswin_Jayaraman_N11710560_IFN563Assignment2", "Aswin_Jayaraman_N11710560_IFN563Assignment2.csproj", "{CF899494-DA92-455A-A710-9087645DB904}"
EndProject
Global
	GlobalSection(SolutionConfigurationPlatforms) = preSolution
		Debug|Any CPU = Debug|Any CPU
		Release|Any CPU = Release|Any CPU
	EndGlobalSection
	GlobalSection(ProjectConfigurationPlatforms) = postSolution
		{CF899494-DA92-455A-A710-9087645DB904}.Debug|Any CPU.ActiveCfg = Debug|Any CPU
		{CF899494-DA92-455A-A710-9087645DB904}.Debug|Any CPU.Build.0 = Debug|Any CPU
		{CF899494-DA92-455A-A710-9087645DB904}.Release|Any CPU.ActiveCfg = Release|Any CPU
		{CF899494-DA92-455A-A710-9087645DB904}.Release|Any CPU.Build.0 = Release|Any CPU
	EndGlobalSection
	GlobalSection(SolutionProperties) = preSolution
		HideSolutionNode = FALSE
	EndGlobalSection
	GlobalSection(ExtensibilityGlobals) = postSolution
		SolutionGuid = {E6502B35-BCB5-4A95-858E-3E4F2ED1324E}
	EndGlobalSection
EndGlobal
